// !$*UTF8*$!
{
	archiveVersion = 1;
	classes = {
	};
	objectVersion = 55;
	objects = {

/* Begin PBXBuildFile section */
		732892492720CE400042EAD5 /* JungleSafariApp.swift in Sources */ = {isa = PBXBuildFile; fileRef = 732892482720CE400042EAD5 /* JungleSafariApp.swift */; };
		7328924B2720CE400042EAD5 /* ContentView.swift in Sources */ = {isa = PBXBuildFile; fileRef = 7328924A2720CE400042EAD5 /* ContentView.swift */; };
		7328924D2720CE400042EAD5 /* Assets.xcassets in Resources */ = {isa = PBXBuildFile; fileRef = 7328924C2720CE400042EAD5 /* Assets.xcassets */; };
		732892502720CE400042EAD5 /* Preview Assets.xcassets in Resources */ = {isa = PBXBuildFile; fileRef = 7328924F2720CE400042EAD5 /* Preview Assets.xcassets */; };
		7328925D2720CEB90042EAD5 /* MapView.swift in Sources */ = {isa = PBXBuildFile; fileRef = 732892572720CEB90042EAD5 /* MapView.swift */; };
		7328925E2720CEB90042EAD5 /* GalleryView.swift in Sources */ = {isa = PBXBuildFile; fileRef = 732892582720CEB90042EAD5 /* GalleryView.swift */; };
		7328925F2720CEB90042EAD5 /* MainView.swift in Sources */ = {isa = PBXBuildFile; fileRef = 732892592720CEB90042EAD5 /* MainView.swift */; };
		732892612720CEB90042EAD5 /* VideoListView.swift in Sources */ = {isa = PBXBuildFile; fileRef = 7328925B2720CEB90042EAD5 /* VideoListView.swift */; };
		7328926E2720CF210042EAD5 /* giraffe.mp4 in Resources */ = {isa = PBXBuildFile; fileRef = 732892642720CF210042EAD5 /* giraffe.mp4 */; };
		7328926F2720CF210042EAD5 /* ostrich.mp4 in Resources */ = {isa = PBXBuildFile; fileRef = 732892652720CF210042EAD5 /* ostrich.mp4 */; };
		732892702720CF210042EAD5 /* zebra.mp4 in Resources */ = {isa = PBXBuildFile; fileRef = 732892662720CF210042EAD5 /* zebra.mp4 */; };
		732892712720CF210042EAD5 /* hippo.mp4 in Resources */ = {isa = PBXBuildFile; fileRef = 732892672720CF210042EAD5 /* hippo.mp4 */; };
		732892722720CF210042EAD5 /* cheetah.mp4 in Resources */ = {isa = PBXBuildFile; fileRef = 732892682720CF210042EAD5 /* cheetah.mp4 */; };
		732892732720CF210042EAD5 /* gorilla.mp4 in Resources */ = {isa = PBXBuildFile; fileRef = 732892692720CF210042EAD5 /* gorilla.mp4 */; };
		732892742720CF210042EAD5 /* elephant.mp4 in Resources */ = {isa = PBXBuildFile; fileRef = 7328926A2720CF210042EAD5 /* elephant.mp4 */; };
		732892752720CF210042EAD5 /* lioness.mp4 in Resources */ = {isa = PBXBuildFile; fileRef = 7328926B2720CF210042EAD5 /* lioness.mp4 */; };
		732892762720CF210042EAD5 /* lion.mp4 in Resources */ = {isa = PBXBuildFile; fileRef = 7328926C2720CF210042EAD5 /* lion.mp4 */; };
		732892772720CF210042EAD5 /* rhino.mp4 in Resources */ = {isa = PBXBuildFile; fileRef = 7328926D2720CF210042EAD5 /* rhino.mp4 */; };
		7328927D2720CF2F0042EAD5 /* locations.json in Resources */ = {isa = PBXBuildFile; fileRef = 732892792720CF2F0042EAD5 /* locations.json */; };
		7328927E2720CF2F0042EAD5 /* covers.json in Resources */ = {isa = PBXBuildFile; fileRef = 7328927A2720CF2F0042EAD5 /* covers.json */; };
		7328927F2720CF2F0042EAD5 /* animals.json in Resources */ = {isa = PBXBuildFile; fileRef = 7328927B2720CF2F0042EAD5 /* animals.json */; };
		732892802720CF2F0042EAD5 /* videos.json in Resources */ = {isa = PBXBuildFile; fileRef = 7328927C2720CF2F0042EAD5 /* videos.json */; };
		732892832720CF3B0042EAD5 /* CoverImageView.swift in Sources */ = {isa = PBXBuildFile; fileRef = 732892822720CF3B0042EAD5 /* CoverImageView.swift */; };
		732892862720CF3F0042EAD5 /* CoverImageModel.swift in Sources */ = {isa = PBXBuildFile; fileRef = 732892852720CF3F0042EAD5 /* CoverImageModel.swift */; };
		732892892720CF430042EAD5 /* CodableBundleExtension.swift in Sources */ = {isa = PBXBuildFile; fileRef = 732892882720CF430042EAD5 /* CodableBundleExtension.swift */; };
		7328928C2720FF3A0042EAD5 /* AnimalListItemView.swift in Sources */ = {isa = PBXBuildFile; fileRef = 7328928B2720FF3A0042EAD5 /* AnimalListItemView.swift */; };
		7328928E272101CC0042EAD5 /* AnimalModel.swift in Sources */ = {isa = PBXBuildFile; fileRef = 7328928D272101CC0042EAD5 /* AnimalModel.swift */; };
		73289290272105ED0042EAD5 /* AnimalDetailView.swift in Sources */ = {isa = PBXBuildFile; fileRef = 7328928F272105ED0042EAD5 /* AnimalDetailView.swift */; };
		73289292272108370042EAD5 /* HeadingView.swift in Sources */ = {isa = PBXBuildFile; fileRef = 73289291272108370042EAD5 /* HeadingView.swift */; };
		73289294272109BE0042EAD5 /* InsetGalleryView.swift in Sources */ = {isa = PBXBuildFile; fileRef = 73289293272109BE0042EAD5 /* InsetGalleryView.swift */; };
		7336E7C8272790AA00A07ADB /* VideoModel.swift in Sources */ = {isa = PBXBuildFile; fileRef = 7336E7C7272790AA00A07ADB /* VideoModel.swift */; };
		7336E7CA2727910400A07ADB /* VideoListItemView.swift in Sources */ = {isa = PBXBuildFile; fileRef = 7336E7C92727910400A07ADB /* VideoListItemView.swift */; };
		739DAF0D272A3289002C8BFB /* LocationModel.swift in Sources */ = {isa = PBXBuildFile; fileRef = 739DAF0C272A3289002C8BFB /* LocationModel.swift */; };
		739DAF0F272A37C9002C8BFB /* MapAnnotationView.swift in Sources */ = {isa = PBXBuildFile; fileRef = 739DAF0E272A37C9002C8BFB /* MapAnnotationView.swift */; };
		739DAF11272A4BAA002C8BFB /* MotionAnimationView.swift in Sources */ = {isa = PBXBuildFile; fileRef = 739DAF10272A4BAA002C8BFB /* MotionAnimationView.swift */; };
		73B9C6F92723AF16005E0F8E /* InsetFactView.swift in Sources */ = {isa = PBXBuildFile; fileRef = 73B9C6F82723AF16005E0F8E /* InsetFactView.swift */; };
		73B9C6FB2723B34F005E0F8E /* InsetMapView.swift in Sources */ = {isa = PBXBuildFile; fileRef = 73B9C6FA2723B34E005E0F8E /* InsetMapView.swift */; };
		73B9C6FD2723B760005E0F8E /* ExternalWebLinkView.swift in Sources */ = {isa = PBXBuildFile; fileRef = 73B9C6FC2723B75F005E0F8E /* ExternalWebLinkView.swift */; };
		73BF8B592728A86900E90293 /* VideoPlayerView.swift in Sources */ = {isa = PBXBuildFile; fileRef = 73BF8B582728A86900E90293 /* VideoPlayerView.swift */; };
		73BF8B5C2728A96C00E90293 /* VideoPlayerHelper.swift in Sources */ = {isa = PBXBuildFile; fileRef = 73BF8B5B2728A96C00E90293 /* VideoPlayerHelper.swift */; };
/* End PBXBuildFile section */

/* Begin PBXFileReference section */
		732892452720CE400042EAD5 /* JungleSafari.app */ = {isa = PBXFileReference; explicitFileType = wrapper.application; includeInIndex = 0; path = JungleSafari.app; sourceTree = BUILT_PRODUCTS_DIR; };
		732892482720CE400042EAD5 /* JungleSafariApp.swift */ = {isa = PBXFileReference; lastKnownFileType = sourcecode.swift; path = JungleSafariApp.swift; sourceTree = "<group>"; };
		7328924A2720CE400042EAD5 /* ContentView.swift */ = {isa = PBXFileReference; lastKnownFileType = sourcecode.swift; path = ContentView.swift; sourceTree = "<group>"; };
		7328924C2720CE400042EAD5 /* Assets.xcassets */ = {isa = PBXFileReference; lastKnownFileType = folder.assetcatalog; path = Assets.xcassets; sourceTree = "<group>"; };
		7328924F2720CE400042EAD5 /* Preview Assets.xcassets */ = {isa = PBXFileReference; lastKnownFileType = folder.assetcatalog; path = "Preview Assets.xcassets"; sourceTree = "<group>"; };
		732892572720CEB90042EAD5 /* MapView.swift */ = {isa = PBXFileReference; fileEncoding = 4; lastKnownFileType = sourcecode.swift; path = MapView.swift; sourceTree = "<group>"; };
		732892582720CEB90042EAD5 /* GalleryView.swift */ = {isa = PBXFileReference; fileEncoding = 4; lastKnownFileType = sourcecode.swift; path = GalleryView.swift; sourceTree = "<group>"; };
		732892592720CEB90042EAD5 /* MainView.swift */ = {isa = PBXFileReference; fileEncoding = 4; lastKnownFileType = sourcecode.swift; path = MainView.swift; sourceTree = "<group>"; };
		7328925B2720CEB90042EAD5 /* VideoListView.swift */ = {isa = PBXFileReference; fileEncoding = 4; lastKnownFileType = sourcecode.swift; path = VideoListView.swift; sourceTree = "<group>"; };
		732892642720CF210042EAD5 /* giraffe.mp4 */ = {isa = PBXFileReference; lastKnownFileType = file; path = giraffe.mp4; sourceTree = "<group>"; };
		732892652720CF210042EAD5 /* ostrich.mp4 */ = {isa = PBXFileReference; lastKnownFileType = file; path = ostrich.mp4; sourceTree = "<group>"; };
		732892662720CF210042EAD5 /* zebra.mp4 */ = {isa = PBXFileReference; lastKnownFileType = file; path = zebra.mp4; sourceTree = "<group>"; };
		732892672720CF210042EAD5 /* hippo.mp4 */ = {isa = PBXFileReference; lastKnownFileType = file; path = hippo.mp4; sourceTree = "<group>"; };
		732892682720CF210042EAD5 /* cheetah.mp4 */ = {isa = PBXFileReference; lastKnownFileType = file; path = cheetah.mp4; sourceTree = "<group>"; };
		732892692720CF210042EAD5 /* gorilla.mp4 */ = {isa = PBXFileReference; lastKnownFileType = file; path = gorilla.mp4; sourceTree = "<group>"; };
		7328926A2720CF210042EAD5 /* elephant.mp4 */ = {isa = PBXFileReference; lastKnownFileType = file; path = elephant.mp4; sourceTree = "<group>"; };
		7328926B2720CF210042EAD5 /* lioness.mp4 */ = {isa = PBXFileReference; lastKnownFileType = file; path = lioness.mp4; sourceTree = "<group>"; };
		7328926C2720CF210042EAD5 /* lion.mp4 */ = {isa = PBXFileReference; lastKnownFileType = file; path = lion.mp4; sourceTree = "<group>"; };
		7328926D2720CF210042EAD5 /* rhino.mp4 */ = {isa = PBXFileReference; lastKnownFileType = file; path = rhino.mp4; sourceTree = "<group>"; };
		732892792720CF2F0042EAD5 /* locations.json */ = {isa = PBXFileReference; fileEncoding = 4; lastKnownFileType = text.json; path = locations.json; sourceTree = "<group>"; };
		7328927A2720CF2F0042EAD5 /* covers.json */ = {isa = PBXFileReference; fileEncoding = 4; lastKnownFileType = text.json; path = covers.json; sourceTree = "<group>"; };
		7328927B2720CF2F0042EAD5 /* animals.json */ = {isa = PBXFileReference; fileEncoding = 4; lastKnownFileType = text.json; path = animals.json; sourceTree = "<group>"; };
		7328927C2720CF2F0042EAD5 /* videos.json */ = {isa = PBXFileReference; fileEncoding = 4; lastKnownFileType = text.json; path = videos.json; sourceTree = "<group>"; };
		732892822720CF3B0042EAD5 /* CoverImageView.swift */ = {isa = PBXFileReference; fileEncoding = 4; lastKnownFileType = sourcecode.swift; path = CoverImageView.swift; sourceTree = "<group>"; };
		732892852720CF3F0042EAD5 /* CoverImageModel.swift */ = {isa = PBXFileReference; fileEncoding = 4; lastKnownFileType = sourcecode.swift; path = CoverImageModel.swift; sourceTree = "<group>"; };
		732892882720CF430042EAD5 /* CodableBundleExtension.swift */ = {isa = PBXFileReference; fileEncoding = 4; lastKnownFileType = sourcecode.swift; path = CodableBundleExtension.swift; sourceTree = "<group>"; };
		7328928A2720CF5F0042EAD5 /* Info.plist */ = {isa = PBXFileReference; lastKnownFileType = text.plist; path = Info.plist; sourceTree = "<group>"; };
		7328928B2720FF3A0042EAD5 /* AnimalListItemView.swift */ = {isa = PBXFileReference; lastKnownFileType = sourcecode.swift; path = AnimalListItemView.swift; sourceTree = "<group>"; };
		7328928D272101CC0042EAD5 /* AnimalModel.swift */ = {isa = PBXFileReference; lastKnownFileType = sourcecode.swift; path = AnimalModel.swift; sourceTree = "<group>"; };
		7328928F272105ED0042EAD5 /* AnimalDetailView.swift */ = {isa = PBXFileReference; lastKnownFileType = sourcecode.swift; path = AnimalDetailView.swift; sourceTree = "<group>"; };
		73289291272108370042EAD5 /* HeadingView.swift */ = {isa = PBXFileReference; lastKnownFileType = sourcecode.swift; path = HeadingView.swift; sourceTree = "<group>"; };
		73289293272109BE0042EAD5 /* InsetGalleryView.swift */ = {isa = PBXFileReference; lastKnownFileType = sourcecode.swift; path = InsetGalleryView.swift; sourceTree = "<group>"; };
		7336E7C7272790AA00A07ADB /* VideoModel.swift */ = {isa = PBXFileReference; lastKnownFileType = sourcecode.swift; path = VideoModel.swift; sourceTree = "<group>"; };
		7336E7C92727910400A07ADB /* VideoListItemView.swift */ = {isa = PBXFileReference; lastKnownFileType = sourcecode.swift; path = VideoListItemView.swift; sourceTree = "<group>"; };
		739DAF0C272A3289002C8BFB /* LocationModel.swift */ = {isa = PBXFileReference; lastKnownFileType = sourcecode.swift; path = LocationModel.swift; sourceTree = "<group>"; };
		739DAF0E272A37C9002C8BFB /* MapAnnotationView.swift */ = {isa = PBXFileReference; lastKnownFileType = sourcecode.swift; path = MapAnnotationView.swift; sourceTree = "<group>"; };
		739DAF10272A4BAA002C8BFB /* MotionAnimationView.swift */ = {isa = PBXFileReference; lastKnownFileType = sourcecode.swift; path = MotionAnimationView.swift; sourceTree = "<group>"; };
		73B9C6F82723AF16005E0F8E /* InsetFactView.swift */ = {isa = PBXFileReference; lastKnownFileType = sourcecode.swift; path = InsetFactView.swift; sourceTree = "<group>"; };
		73B9C6FA2723B34E005E0F8E /* InsetMapView.swift */ = {isa = PBXFileReference; lastKnownFileType = sourcecode.swift; path = InsetMapView.swift; sourceTree = "<group>"; };
		73B9C6FC2723B75F005E0F8E /* ExternalWebLinkView.swift */ = {isa = PBXFileReference; lastKnownFileType = sourcecode.swift; path = ExternalWebLinkView.swift; sourceTree = "<group>"; };
		73BF8B582728A86900E90293 /* VideoPlayerView.swift */ = {isa = PBXFileReference; lastKnownFileType = sourcecode.swift; path = VideoPlayerView.swift; sourceTree = "<group>"; };
		73BF8B5B2728A96C00E90293 /* VideoPlayerHelper.swift */ = {isa = PBXFileReference; lastKnownFileType = sourcecode.swift; path = VideoPlayerHelper.swift; sourceTree = "<group>"; };
/* End PBXFileReference section */

/* Begin PBXFrameworksBuildPhase section */
		732892422720CE400042EAD5 /* Frameworks */ = {
			isa = PBXFrameworksBuildPhase;
			buildActionMask = 2147483647;
			files = (
			);
			runOnlyForDeploymentPostprocessing = 0;
		};
/* End PBXFrameworksBuildPhase section */

/* Begin PBXGroup section */
		7328923C2720CE400042EAD5 = {
			isa = PBXGroup;
			children = (
				732892472720CE400042EAD5 /* JungleSafari */,
				732892462720CE400042EAD5 /* Products */,
			);
			sourceTree = "<group>";
		};
		732892462720CE400042EAD5 /* Products */ = {
			isa = PBXGroup;
			children = (
				732892452720CE400042EAD5 /* JungleSafari.app */,
			);
			name = Products;
			sourceTree = "<group>";
		};
		732892472720CE400042EAD5 /* JungleSafari */ = {
			isa = PBXGroup;
			children = (
				7328928A2720CF5F0042EAD5 /* Info.plist */,
				732892562720CEB90042EAD5 /* App */,
				732892632720CF210042EAD5 /* Video */,
				732892782720CF2F0042EAD5 /* Data */,
				732892812720CF3B0042EAD5 /* View */,
				732892842720CF3F0042EAD5 /* Model */,
				732892872720CF430042EAD5 /* Extension */,
				73BF8B5A2728A95100E90293 /* Helpers */,
				7328924C2720CE400042EAD5 /* Assets.xcassets */,
				7328924E2720CE400042EAD5 /* Preview Content */,
			);
			path = JungleSafari;
			sourceTree = "<group>";
		};
		7328924E2720CE400042EAD5 /* Preview Content */ = {
			isa = PBXGroup;
			children = (
				7328924F2720CE400042EAD5 /* Preview Assets.xcassets */,
			);
			path = "Preview Content";
			sourceTree = "<group>";
		};
		732892562720CEB90042EAD5 /* App */ = {
			isa = PBXGroup;
			children = (
				7328924A2720CE400042EAD5 /* ContentView.swift */,
				732892572720CEB90042EAD5 /* MapView.swift */,
				732892582720CEB90042EAD5 /* GalleryView.swift */,
				732892592720CEB90042EAD5 /* MainView.swift */,
				7328925B2720CEB90042EAD5 /* VideoListView.swift */,
				732892482720CE400042EAD5 /* JungleSafariApp.swift */,
			);
			path = App;
			sourceTree = "<group>";
		};
		732892632720CF210042EAD5 /* Video */ = {
			isa = PBXGroup;
			children = (
				732892642720CF210042EAD5 /* giraffe.mp4 */,
				732892652720CF210042EAD5 /* ostrich.mp4 */,
				732892662720CF210042EAD5 /* zebra.mp4 */,
				732892672720CF210042EAD5 /* hippo.mp4 */,
				732892682720CF210042EAD5 /* cheetah.mp4 */,
				732892692720CF210042EAD5 /* gorilla.mp4 */,
				7328926A2720CF210042EAD5 /* elephant.mp4 */,
				7328926B2720CF210042EAD5 /* lioness.mp4 */,
				7328926C2720CF210042EAD5 /* lion.mp4 */,
				7328926D2720CF210042EAD5 /* rhino.mp4 */,
			);
			path = Video;
			sourceTree = "<group>";
		};
		732892782720CF2F0042EAD5 /* Data */ = {
			isa = PBXGroup;
			children = (
				732892792720CF2F0042EAD5 /* locations.json */,
				7328927A2720CF2F0042EAD5 /* covers.json */,
				7328927B2720CF2F0042EAD5 /* animals.json */,
				7328927C2720CF2F0042EAD5 /* videos.json */,
			);
			path = Data;
			sourceTree = "<group>";
		};
		732892812720CF3B0042EAD5 /* View */ = {
			isa = PBXGroup;
			children = (
				732892822720CF3B0042EAD5 /* CoverImageView.swift */,
				7328928B2720FF3A0042EAD5 /* AnimalListItemView.swift */,
				7328928F272105ED0042EAD5 /* AnimalDetailView.swift */,
				73289291272108370042EAD5 /* HeadingView.swift */,
				73289293272109BE0042EAD5 /* InsetGalleryView.swift */,
				73B9C6F82723AF16005E0F8E /* InsetFactView.swift */,
				73B9C6FA2723B34E005E0F8E /* InsetMapView.swift */,
				73B9C6FC2723B75F005E0F8E /* ExternalWebLinkView.swift */,
				7336E7C92727910400A07ADB /* VideoListItemView.swift */,
				73BF8B582728A86900E90293 /* VideoPlayerView.swift */,
				739DAF0E272A37C9002C8BFB /* MapAnnotationView.swift */,
				739DAF10272A4BAA002C8BFB /* MotionAnimationView.swift */,
			);
			path = View;
			sourceTree = "<group>";
		};
		732892842720CF3F0042EAD5 /* Model */ = {
			isa = PBXGroup;
			children = (
				732892852720CF3F0042EAD5 /* CoverImageModel.swift */,
				7328928D272101CC0042EAD5 /* AnimalModel.swift */,
				7336E7C7272790AA00A07ADB /* VideoModel.swift */,
				739DAF0C272A3289002C8BFB /* LocationModel.swift */,
			);
			path = Model;
			sourceTree = "<group>";
		};
		732892872720CF430042EAD5 /* Extension */ = {
			isa = PBXGroup;
			children = (
				732892882720CF430042EAD5 /* CodableBundleExtension.swift */,
			);
			path = Extension;
			sourceTree = "<group>";
		};
		73BF8B5A2728A95100E90293 /* Helpers */ = {
			isa = PBXGroup;
			children = (
				73BF8B5B2728A96C00E90293 /* VideoPlayerHelper.swift */,
			);
			path = Helpers;
			sourceTree = "<group>";
		};
/* End PBXGroup section */

/* Begin PBXNativeTarget section */
		732892442720CE400042EAD5 /* JungleSafari */ = {
			isa = PBXNativeTarget;
			buildConfigurationList = 732892532720CE400042EAD5 /* Build configuration list for PBXNativeTarget "JungleSafari" */;
			buildPhases = (
				732892412720CE400042EAD5 /* Sources */,
				732892422720CE400042EAD5 /* Frameworks */,
				732892432720CE400042EAD5 /* Resources */,
			);
			buildRules = (
			);
			dependencies = (
			);
			name = JungleSafari;
			productName = JungleSafari;
			productReference = 732892452720CE400042EAD5 /* JungleSafari.app */;
			productType = "com.apple.product-type.application";
		};
/* End PBXNativeTarget section */

/* Begin PBXProject section */
		7328923D2720CE400042EAD5 /* Project object */ = {
			isa = PBXProject;
			attributes = {
				BuildIndependentTargetsInParallel = 1;
				LastSwiftUpdateCheck = 1300;
				LastUpgradeCheck = 1300;
				TargetAttributes = {
					732892442720CE400042EAD5 = {
						CreatedOnToolsVersion = 13.0;
					};
				};
			};
			buildConfigurationList = 732892402720CE400042EAD5 /* Build configuration list for PBXProject "JungleSafari" */;
			compatibilityVersion = "Xcode 13.0";
			developmentRegion = en;
			hasScannedForEncodings = 0;
			knownRegions = (
				en,
				Base,
			);
			mainGroup = 7328923C2720CE400042EAD5;
			productRefGroup = 732892462720CE400042EAD5 /* Products */;
			projectDirPath = "";
			projectRoot = "";
			targets = (
				732892442720CE400042EAD5 /* JungleSafari */,
			);
		};
/* End PBXProject section */

/* Begin PBXResourcesBuildPhase section */
		732892432720CE400042EAD5 /* Resources */ = {
			isa = PBXResourcesBuildPhase;
			buildActionMask = 2147483647;
			files = (
				7328927F2720CF2F0042EAD5 /* animals.json in Resources */,
				7328927D2720CF2F0042EAD5 /* locations.json in Resources */,
				732892772720CF210042EAD5 /* rhino.mp4 in Resources */,
				732892502720CE400042EAD5 /* Preview Assets.xcassets in Resources */,
				732892702720CF210042EAD5 /* zebra.mp4 in Resources */,
				7328924D2720CE400042EAD5 /* Assets.xcassets in Resources */,
				7328926F2720CF210042EAD5 /* ostrich.mp4 in Resources */,
				732892732720CF210042EAD5 /* gorilla.mp4 in Resources */,
				7328927E2720CF2F0042EAD5 /* covers.json in Resources */,
				732892712720CF210042EAD5 /* hippo.mp4 in Resources */,
				7328926E2720CF210042EAD5 /* giraffe.mp4 in Resources */,
				732892752720CF210042EAD5 /* lioness.mp4 in Resources */,
				732892762720CF210042EAD5 /* lion.mp4 in Resources */,
				732892802720CF2F0042EAD5 /* videos.json in Resources */,
				732892722720CF210042EAD5 /* cheetah.mp4 in Resources */,
				732892742720CF210042EAD5 /* elephant.mp4 in Resources */,
			);
			runOnlyForDeploymentPostprocessing = 0;
		};
/* End PBXResourcesBuildPhase section */

/* Begin PBXSourcesBuildPhase section */
		732892412720CE400042EAD5 /* Sources */ = {
			isa = PBXSourcesBuildPhase;
			buildActionMask = 2147483647;
			files = (
				7328924B2720CE400042EAD5 /* ContentView.swift in Sources */,
				7328928C2720FF3A0042EAD5 /* AnimalListItemView.swift in Sources */,
				7328925D2720CEB90042EAD5 /* MapView.swift in Sources */,
				73B9C6F92723AF16005E0F8E /* InsetFactView.swift in Sources */,
				732892832720CF3B0042EAD5 /* CoverImageView.swift in Sources */,
				732892862720CF3F0042EAD5 /* CoverImageModel.swift in Sources */,
				73289290272105ED0042EAD5 /* AnimalDetailView.swift in Sources */,
				7328928E272101CC0042EAD5 /* AnimalModel.swift in Sources */,
				732892612720CEB90042EAD5 /* VideoListView.swift in Sources */,
				73B9C6FB2723B34F005E0F8E /* InsetMapView.swift in Sources */,
				73BF8B5C2728A96C00E90293 /* VideoPlayerHelper.swift in Sources */,
				732892492720CE400042EAD5 /* JungleSafariApp.swift in Sources */,
				73B9C6FD2723B760005E0F8E /* ExternalWebLinkView.swift in Sources */,
				739DAF0F272A37C9002C8BFB /* MapAnnotationView.swift in Sources */,
				7328925F2720CEB90042EAD5 /* MainView.swift in Sources */,
				7336E7C8272790AA00A07ADB /* VideoModel.swift in Sources */,
				7328925E2720CEB90042EAD5 /* GalleryView.swift in Sources */,
				739DAF0D272A3289002C8BFB /* LocationModel.swift in Sources */,
				73289294272109BE0042EAD5 /* InsetGalleryView.swift in Sources */,
				7336E7CA2727910400A07ADB /* VideoListItemView.swift in Sources */,
				732892892720CF430042EAD5 /* CodableBundleExtension.swift in Sources */,
				739DAF11272A4BAA002C8BFB /* MotionAnimationView.swift in Sources */,
				73289292272108370042EAD5 /* HeadingView.swift in Sources */,
				73BF8B592728A86900E90293 /* VideoPlayerView.swift in Sources */,
			);
			runOnlyForDeploymentPostprocessing = 0;
		};
/* End PBXSourcesBuildPhase section */

/* Begin XCBuildConfiguration section */
		732892512720CE400042EAD5 /* Debug */ = {
			isa = XCBuildConfiguration;
			buildSettings = {
				ALWAYS_SEARCH_USER_PATHS = NO;
				CLANG_ANALYZER_NONNULL = YES;
				CLANG_ANALYZER_NUMBER_OBJECT_CONVERSION = YES_AGGRESSIVE;
				CLANG_CXX_LANGUAGE_STANDARD = "gnu++17";
				CLANG_CXX_LIBRARY = "libc++";
				CLANG_ENABLE_MODULES = YES;
				CLANG_ENABLE_OBJC_ARC = YES;
				CLANG_ENABLE_OBJC_WEAK = YES;
				CLANG_WARN_BLOCK_CAPTURE_AUTORELEASING = YES;
				CLANG_WARN_BOOL_CONVERSION = YES;
				CLANG_WARN_COMMA = YES;
				CLANG_WARN_CONSTANT_CONVERSION = YES;
				CLANG_WARN_DEPRECATED_OBJC_IMPLEMENTATIONS = YES;
				CLANG_WARN_DIRECT_OBJC_ISA_USAGE = YES_ERROR;
				CLANG_WARN_DOCUMENTATION_COMMENTS = YES;
				CLANG_WARN_EMPTY_BODY = YES;
				CLANG_WARN_ENUM_CONVERSION = YES;
				CLANG_WARN_INFINITE_RECURSION = YES;
				CLANG_WARN_INT_CONVERSION = YES;
				CLANG_WARN_NON_LITERAL_NULL_CONVERSION = YES;
				CLANG_WARN_OBJC_IMPLICIT_RETAIN_SELF = YES;
				CLANG_WARN_OBJC_LITERAL_CONVERSION = YES;
				CLANG_WARN_OBJC_ROOT_CLASS = YES_ERROR;
				CLANG_WARN_QUOTED_INCLUDE_IN_FRAMEWORK_HEADER = YES;
				CLANG_WARN_RANGE_LOOP_ANALYSIS = YES;
				CLANG_WARN_STRICT_PROTOTYPES = YES;
				CLANG_WARN_SUSPICIOUS_MOVE = YES;
				CLANG_WARN_UNGUARDED_AVAILABILITY = YES_AGGRESSIVE;
				CLANG_WARN_UNREACHABLE_CODE = YES;
				CLANG_WARN__DUPLICATE_METHOD_MATCH = YES;
				COPY_PHASE_STRIP = NO;
				DEBUG_INFORMATION_FORMAT = dwarf;
				ENABLE_STRICT_OBJC_MSGSEND = YES;
				ENABLE_TESTABILITY = YES;
				GCC_C_LANGUAGE_STANDARD = gnu11;
				GCC_DYNAMIC_NO_PIC = NO;
				GCC_NO_COMMON_BLOCKS = YES;
				GCC_OPTIMIZATION_LEVEL = 0;
				GCC_PREPROCESSOR_DEFINITIONS = (
					"DEBUG=1",
					"$(inherited)",
				);
				GCC_WARN_64_TO_32_BIT_CONVERSION = YES;
				GCC_WARN_ABOUT_RETURN_TYPE = YES_ERROR;
				GCC_WARN_UNDECLARED_SELECTOR = YES;
				GCC_WARN_UNINITIALIZED_AUTOS = YES_AGGRESSIVE;
				GCC_WARN_UNUSED_FUNCTION = YES;
				GCC_WARN_UNUSED_VARIABLE = YES;
				IPHONEOS_DEPLOYMENT_TARGET = 15.0;
				MTL_ENABLE_DEBUG_INFO = INCLUDE_SOURCE;
				MTL_FAST_MATH = YES;
				ONLY_ACTIVE_ARCH = YES;
				SDKROOT = iphoneos;
				SWIFT_ACTIVE_COMPILATION_CONDITIONS = DEBUG;
				SWIFT_OPTIMIZATION_LEVEL = "-Onone";
			};
			name = Debug;
		};
		732892522720CE400042EAD5 /* Release */ = {
			isa = XCBuildConfiguration;
			buildSettings = {
				ALWAYS_SEARCH_USER_PATHS = NO;
				CLANG_ANALYZER_NONNULL = YES;
				CLANG_ANALYZER_NUMBER_OBJECT_CONVERSION = YES_AGGRESSIVE;
				CLANG_CXX_LANGUAGE_STANDARD = "gnu++17";
				CLANG_CXX_LIBRARY = "libc++";
				CLANG_ENABLE_MODULES = YES;
				CLANG_ENABLE_OBJC_ARC = YES;
				CLANG_ENABLE_OBJC_WEAK = YES;
				CLANG_WARN_BLOCK_CAPTURE_AUTORELEASING = YES;
				CLANG_WARN_BOOL_CONVERSION = YES;
				CLANG_WARN_COMMA = YES;
				CLANG_WARN_CONSTANT_CONVERSION = YES;
				CLANG_WARN_DEPRECATED_OBJC_IMPLEMENTATIONS = YES;
				CLANG_WARN_DIRECT_OBJC_ISA_USAGE = YES_ERROR;
				CLANG_WARN_DOCUMENTATION_COMMENTS = YES;
				CLANG_WARN_EMPTY_BODY = YES;
				CLANG_WARN_ENUM_CONVERSION = YES;
				CLANG_WARN_INFINITE_RECURSION = YES;
				CLANG_WARN_INT_CONVERSION = YES;
				CLANG_WARN_NON_LITERAL_NULL_CONVERSION = YES;
				CLANG_WARN_OBJC_IMPLICIT_RETAIN_SELF = YES;
				CLANG_WARN_OBJC_LITERAL_CONVERSION = YES;
				CLANG_WARN_OBJC_ROOT_CLASS = YES_ERROR;
				CLANG_WARN_QUOTED_INCLUDE_IN_FRAMEWORK_HEADER = YES;
				CLANG_WARN_RANGE_LOOP_ANALYSIS = YES;
				CLANG_WARN_STRICT_PROTOTYPES = YES;
				CLANG_WARN_SUSPICIOUS_MOVE = YES;
				CLANG_WARN_UNGUARDED_AVAILABILITY = YES_AGGRESSIVE;
				CLANG_WARN_UNREACHABLE_CODE = YES;
				CLANG_WARN__DUPLICATE_METHOD_MATCH = YES;
				COPY_PHASE_STRIP = NO;
				DEBUG_INFORMATION_FORMAT = "dwarf-with-dsym";
				ENABLE_NS_ASSERTIONS = NO;
				ENABLE_STRICT_OBJC_MSGSEND = YES;
				GCC_C_LANGUAGE_STANDARD = gnu11;
				GCC_NO_COMMON_BLOCKS = YES;
				GCC_WARN_64_TO_32_BIT_CONVERSION = YES;
				GCC_WARN_ABOUT_RETURN_TYPE = YES_ERROR;
				GCC_WARN_UNDECLARED_SELECTOR = YES;
				GCC_WARN_UNINITIALIZED_AUTOS = YES_AGGRESSIVE;
				GCC_WARN_UNUSED_FUNCTION = YES;
				GCC_WARN_UNUSED_VARIABLE = YES;
				IPHONEOS_DEPLOYMENT_TARGET = 15.0;
				MTL_ENABLE_DEBUG_INFO = NO;
				MTL_FAST_MATH = YES;
				SDKROOT = iphoneos;
				SWIFT_COMPILATION_MODE = wholemodule;
				SWIFT_OPTIMIZATION_LEVEL = "-O";
				VALIDATE_PRODUCT = YES;
			};
			name = Release;
		};
		732892542720CE400042EAD5 /* Debug */ = {
			isa = XCBuildConfiguration;
			buildSettings = {
				ASSETCATALOG_COMPILER_APPICON_NAME = AppIcon;
				ASSETCATALOG_COMPILER_GLOBAL_ACCENT_COLOR_NAME = AccentColor;
				CODE_SIGN_STYLE = Automatic;
				CURRENT_PROJECT_VERSION = 1;
				DEVELOPMENT_ASSET_PATHS = "\"JungleSafari/Preview Content\"";
				DEVELOPMENT_TEAM = 5YMAD93VM2;
				ENABLE_PREVIEWS = YES;
				GENERATE_INFOPLIST_FILE = YES;
				INFOPLIST_FILE = JungleSafari/Info.plist;
				INFOPLIST_KEY_UIApplicationSceneManifest_Generation = YES;
				INFOPLIST_KEY_UIApplicationSupportsIndirectInputEvents = YES;
				INFOPLIST_KEY_UISupportedInterfaceOrientations_iPad = "UIInterfaceOrientationPortrait UIInterfaceOrientationPortraitUpsideDown UIInterfaceOrientationLandscapeLeft UIInterfaceOrientationLandscapeRight";
				INFOPLIST_KEY_UISupportedInterfaceOrientations_iPhone = "UIInterfaceOrientationPortrait UIInterfaceOrientationLandscapeLeft UIInterfaceOrientationLandscapeRight";
				INFOPLIST_KEY_UIUserInterfaceStyle = Dark;
				IPHONEOS_DEPLOYMENT_TARGET = 14.0;
				LD_RUNPATH_SEARCH_PATHS = (
					"$(inherited)",
					"@executable_path/Frameworks",
				);
				MARKETING_VERSION = 1.0;
				PRODUCT_BUNDLE_IDENTIFIER = com.archit.JungleSafari;
				PRODUCT_NAME = "$(TARGET_NAME)";
				SWIFT_EMIT_LOC_STRINGS = YES;
				SWIFT_VERSION = 5.0;
				TARGETED_DEVICE_FAMILY = "1,2";
			};
			name = Debug;
		};
		732892552720CE400042EAD5 /* Release */ = {
			isa = XCBuildConfiguration;
			buildSettings = {
				ASSETCATALOG_COMPILER_APPICON_NAME = AppIcon;
				ASSETCATALOG_COMPILER_GLOBAL_ACCENT_COLOR_NAME = AccentColor;
				CODE_SIGN_STYLE = Automatic;
				CURRENT_PROJECT_VERSION = 1;
				DEVELOPMENT_ASSET_PATHS = "\"JungleSafari/Preview Content\"";
				DEVELOPMENT_TEAM = 5YMAD93VM2;
				ENABLE_PREVIEWS = YES;
				GENERATE_INFOPLIST_FILE = YES;
				INFOPLIST_FILE = JungleSafari/Info.plist;
				INFOPLIST_KEY_UIApplicationSceneManifest_Generation = YES;
				INFOPLIST_KEY_UIApplicationSupportsIndirectInputEvents = YES;
				INFOPLIST_KEY_UISupportedInterfaceOrientations_iPad = "UIInterfaceOrientationPortrait UIInterfaceOrientationPortraitUpsideDown UIInterfaceOrientationLandscapeLeft UIInterfaceOrientationLandscapeRight";
				INFOPLIST_KEY_UISupportedInterfaceOrientations_iPhone = "UIInterfaceOrientationPortrait UIInterfaceOrientationLandscapeLeft UIInterfaceOrientationLandscapeRight";
				INFOPLIST_KEY_UIUserInterfaceStyle = Dark;
				IPHONEOS_DEPLOYMENT_TARGET = 14.0;
				LD_RUNPATH_SEARCH_PATHS = (
					"$(inherited)",
					"@executable_path/Frameworks",
				);
				MARKETING_VERSION = 1.0;
				PRODUCT_BUNDLE_IDENTIFIER = com.archit.JungleSafari;
				PRODUCT_NAME = "$(TARGET_NAME)";
				SWIFT_EMIT_LOC_STRINGS = YES;
				SWIFT_VERSION = 5.0;
				TARGETED_DEVICE_FAMILY = "1,2";
			};
			name = Release;
		};
/* End XCBuildConfiguration section */

/* Begin XCConfigurationList section */
		732892402720CE400042EAD5 /* Build configuration list for PBXProject "JungleSafari" */ = {
			isa = XCConfigurationList;
			buildConfigurations = (
				732892512720CE400042EAD5 /* Debug */,
				732892522720CE400042EAD5 /* Release */,
			);
			defaultConfigurationIsVisible = 0;
			defaultConfigurationName = Release;
		};
		732892532720CE400042EAD5 /* Build configuration list for PBXNativeTarget "JungleSafari" */ = {
			isa = XCConfigurationList;
			buildConfigurations = (
				732892542720CE400042EAD5 /* Debug */,
				732892552720CE400042EAD5 /* Release */,
			);
			defaultConfigurationIsVisible = 0;
			defaultConfigurationName = Release;
		};
/* End XCConfigurationList section */
	};
	rootObject = 7328923D2720CE400042EAD5 /* Project object */;
}
